// !$*UTF8*$!
{
	archiveVersion = 1;
	classes = {
	};
	objectVersion = 50;
	objects = {

/* Begin PBXBuildFile section */
		C0C3511B214505E10097AD4C /* AppDelegate.swift in Sources */ = {isa = PBXBuildFile; fileRef = C0C3511A214505E10097AD4C /* AppDelegate.swift */; };
		C0C3511D214505E10097AD4C /* ViewController.swift in Sources */ = {isa = PBXBuildFile; fileRef = C0C3511C214505E10097AD4C /* ViewController.swift */; };
		C0C35120214505E10097AD4C /* Main.storyboard in Resources */ = {isa = PBXBuildFile; fileRef = C0C3511E214505E10097AD4C /* Main.storyboard */; };
		C0C35122214505E20097AD4C /* Assets.xcassets in Resources */ = {isa = PBXBuildFile; fileRef = C0C35121214505E20097AD4C /* Assets.xcassets */; };
		C0C35125214505E20097AD4C /* LaunchScreen.storyboard in Resources */ = {isa = PBXBuildFile; fileRef = C0C35123214505E20097AD4C /* LaunchScreen.storyboard */; };
		C0C35130214505E20097AD4C /* SearchBarTests.swift in Sources */ = {isa = PBXBuildFile; fileRef = C0C3512F214505E20097AD4C /* SearchBarTests.swift */; };
		C0C3513B214505E20097AD4C /* SearchBarUITests.swift in Sources */ = {isa = PBXBuildFile; fileRef = C0C3513A214505E20097AD4C /* SearchBarUITests.swift */; };
		C0C35149214508F10097AD4C /* TableExtension.swift in Sources */ = {isa = PBXBuildFile; fileRef = C0C35148214508F10097AD4C /* TableExtension.swift */; };
		C0C3514B214519A10097AD4C /* MainSearchBar.swift in Sources */ = {isa = PBXBuildFile; fileRef = C0C3514A214519A10097AD4C /* MainSearchBar.swift */; };
/* End PBXBuildFile section */

/* Begin PBXContainerItemProxy section */
		C0C3512C214505E20097AD4C /* PBXContainerItemProxy */ = {
			isa = PBXContainerItemProxy;
			containerPortal = C0C3510F214505E10097AD4C /* Project object */;
			proxyType = 1;
			remoteGlobalIDString = C0C35116214505E10097AD4C;
			remoteInfo = SearchBar;
		};
		C0C35137214505E20097AD4C /* PBXContainerItemProxy */ = {
			isa = PBXContainerItemProxy;
			containerPortal = C0C3510F214505E10097AD4C /* Project object */;
			proxyType = 1;
			remoteGlobalIDString = C0C35116214505E10097AD4C;
			remoteInfo = SearchBar;
		};
/* End PBXContainerItemProxy section */

/* Begin PBXFileReference section */
		C0C35117214505E10097AD4C /* SearchBar.app */ = {isa = PBXFileReference; explicitFileType = wrapper.application; includeInIndex = 0; path = SearchBar.app; sourceTree = BUILT_PRODUCTS_DIR; };
		C0C3511A214505E10097AD4C /* AppDelegate.swift */ = {isa = PBXFileReference; lastKnownFileType = sourcecode.swift; path = AppDelegate.swift; sourceTree = "<group>"; };
		C0C3511C214505E10097AD4C /* ViewController.swift */ = {isa = PBXFileReference; lastKnownFileType = sourcecode.swift; path = ViewController.swift; sourceTree = "<group>"; };
		C0C3511F214505E10097AD4C /* Base */ = {isa = PBXFileReference; lastKnownFileType = file.storyboard; name = Base; path = Base.lproj/Main.storyboard; sourceTree = "<group>"; };
		C0C35121214505E20097AD4C /* Assets.xcassets */ = {isa = PBXFileReference; lastKnownFileType = folder.assetcatalog; path = Assets.xcassets; sourceTree = "<group>"; };
		C0C35124214505E20097AD4C /* Base */ = {isa = PBXFileReference; lastKnownFileType = file.storyboard; name = Base; path = Base.lproj/LaunchScreen.storyboard; sourceTree = "<group>"; };
		C0C35126214505E20097AD4C /* Info.plist */ = {isa = PBXFileReference; lastKnownFileType = text.plist.xml; path = Info.plist; sourceTree = "<group>"; };
		C0C3512B214505E20097AD4C /* SearchBarTests.xctest */ = {isa = PBXFileReference; explicitFileType = wrapper.cfbundle; includeInIndex = 0; path = SearchBarTests.xctest; sourceTree = BUILT_PRODUCTS_DIR; };
		C0C3512F214505E20097AD4C /* SearchBarTests.swift */ = {isa = PBXFileReference; lastKnownFileType = sourcecode.swift; path = SearchBarTests.swift; sourceTree = "<group>"; };
		C0C35131214505E20097AD4C /* Info.plist */ = {isa = PBXFileReference; lastKnownFileType = text.plist.xml; path = Info.plist; sourceTree = "<group>"; };
		C0C35136214505E20097AD4C /* SearchBarUITests.xctest */ = {isa = PBXFileReference; explicitFileType = wrapper.cfbundle; includeInIndex = 0; path = SearchBarUITests.xctest; sourceTree = BUILT_PRODUCTS_DIR; };
		C0C3513A214505E20097AD4C /* SearchBarUITests.swift */ = {isa = PBXFileReference; lastKnownFileType = sourcecode.swift; path = SearchBarUITests.swift; sourceTree = "<group>"; };
		C0C3513C214505E20097AD4C /* Info.plist */ = {isa = PBXFileReference; lastKnownFileType = text.plist.xml; path = Info.plist; sourceTree = "<group>"; };
		C0C35148214508F10097AD4C /* TableExtension.swift */ = {isa = PBXFileReference; lastKnownFileType = sourcecode.swift; path = TableExtension.swift; sourceTree = "<group>"; };
		C0C3514A214519A10097AD4C /* MainSearchBar.swift */ = {isa = PBXFileReference; lastKnownFileType = sourcecode.swift; path = MainSearchBar.swift; sourceTree = "<group>"; };
/* End PBXFileReference section */

/* Begin PBXFrameworksBuildPhase section */
		C0C35114214505E10097AD4C /* Frameworks */ = {
			isa = PBXFrameworksBuildPhase;
			buildActionMask = 2147483647;
			files = (
			);
			runOnlyForDeploymentPostprocessing = 0;
		};
		C0C35128214505E20097AD4C /* Frameworks */ = {
			isa = PBXFrameworksBuildPhase;
			buildActionMask = 2147483647;
			files = (
			);
			runOnlyForDeploymentPostprocessing = 0;
		};
		C0C35133214505E20097AD4C /* Frameworks */ = {
			isa = PBXFrameworksBuildPhase;
			buildActionMask = 2147483647;
			files = (
			);
			runOnlyForDeploymentPostprocessing = 0;
		};
/* End PBXFrameworksBuildPhase section */

/* Begin PBXGroup section */
		C0C3510E214505E10097AD4C = {
			isa = PBXGroup;
			children = (
				C0C35119214505E10097AD4C /* SearchBar */,
				C0C3512E214505E20097AD4C /* SearchBarTests */,
				C0C35139214505E20097AD4C /* SearchBarUITests */,
				C0C35118214505E10097AD4C /* Products */,
			);
			sourceTree = "<group>";
		};
		C0C35118214505E10097AD4C /* Products */ = {
			isa = PBXGroup;
			children = (
				C0C35117214505E10097AD4C /* SearchBar.app */,
				C0C3512B214505E20097AD4C /* SearchBarTests.xctest */,
				C0C35136214505E20097AD4C /* SearchBarUITests.xctest */,
			);
			name = Products;
			sourceTree = "<group>";
		};
		C0C35119214505E10097AD4C /* SearchBar */ = {
			isa = PBXGroup;
			children = (
				C0C3511A214505E10097AD4C /* AppDelegate.swift */,
				C0C3511C214505E10097AD4C /* ViewController.swift */,
				C0C3514A214519A10097AD4C /* MainSearchBar.swift */,
				C0C35148214508F10097AD4C /* TableExtension.swift */,
				C0C3511E214505E10097AD4C /* Main.storyboard */,
				C0C35121214505E20097AD4C /* Assets.xcassets */,
				C0C35123214505E20097AD4C /* LaunchScreen.storyboard */,
				C0C35126214505E20097AD4C /* Info.plist */,
			);
			path = SearchBar;
			sourceTree = "<group>";
		};
		C0C3512E214505E20097AD4C /* SearchBarTests */ = {
			isa = PBXGroup;
			children = (
				C0C3512F214505E20097AD4C /* SearchBarTests.swift */,
				C0C35131214505E20097AD4C /* Info.plist */,
			);
			path = SearchBarTests;
			sourceTree = "<group>";
		};
		C0C35139214505E20097AD4C /* SearchBarUITests */ = {
			isa = PBXGroup;
			children = (
				C0C3513A214505E20097AD4C /* SearchBarUITests.swift */,
				C0C3513C214505E20097AD4C /* Info.plist */,
			);
			path = SearchBarUITests;
			sourceTree = "<group>";
		};
/* End PBXGroup section */

/* Begin PBXNativeTarget section */
		C0C35116214505E10097AD4C /* SearchBar */ = {
			isa = PBXNativeTarget;
			buildConfigurationList = C0C3513F214505E20097AD4C /* Build configuration list for PBXNativeTarget "SearchBar" */;
			buildPhases = (
				C0C35113214505E10097AD4C /* Sources */,
				C0C35114214505E10097AD4C /* Frameworks */,
				C0C35115214505E10097AD4C /* Resources */,
			);
			buildRules = (
			);
			dependencies = (
			);
			name = SearchBar;
			productName = SearchBar;
			productReference = C0C35117214505E10097AD4C /* SearchBar.app */;
			productType = "com.apple.product-type.application";
		};
		C0C3512A214505E20097AD4C /* SearchBarTests */ = {
			isa = PBXNativeTarget;
			buildConfigurationList = C0C35142214505E20097AD4C /* Build configuration list for PBXNativeTarget "SearchBarTests" */;
			buildPhases = (
				C0C35127214505E20097AD4C /* Sources */,
				C0C35128214505E20097AD4C /* Frameworks */,
				C0C35129214505E20097AD4C /* Resources */,
			);
			buildRules = (
			);
			dependencies = (
				C0C3512D214505E20097AD4C /* PBXTargetDependency */,
			);
			name = SearchBarTests;
			productName = SearchBarTests;
			productReference = C0C3512B214505E20097AD4C /* SearchBarTests.xctest */;
			productType = "com.apple.product-type.bundle.unit-test";
		};
		C0C35135214505E20097AD4C /* SearchBarUITests */ = {
			isa = PBXNativeTarget;
			buildConfigurationList = C0C35145214505E20097AD4C /* Build configuration list for PBXNativeTarget "SearchBarUITests" */;
			buildPhases = (
				C0C35132214505E20097AD4C /* Sources */,
				C0C35133214505E20097AD4C /* Frameworks */,
				C0C35134214505E20097AD4C /* Resources */,
			);
			buildRules = (
			);
			dependencies = (
				C0C35138214505E20097AD4C /* PBXTargetDependency */,
			);
			name = SearchBarUITests;
			productName = SearchBarUITests;
			productReference = C0C35136214505E20097AD4C /* SearchBarUITests.xctest */;
			productType = "com.apple.product-type.bundle.ui-testing";
		};
/* End PBXNativeTarget section */

/* Begin PBXProject section */
		C0C3510F214505E10097AD4C /* Project object */ = {
			isa = PBXProject;
			attributes = {
				LastSwiftUpdateCheck = 1000;
				LastUpgradeCheck = 1000;
				ORGANIZATIONNAME = "Uladzislau Daratsiuk";
				TargetAttributes = {
					C0C35116214505E10097AD4C = {
						CreatedOnToolsVersion = 10.0;
					};
					C0C3512A214505E20097AD4C = {
						CreatedOnToolsVersion = 10.0;
						TestTargetID = C0C35116214505E10097AD4C;
					};
					C0C35135214505E20097AD4C = {
						CreatedOnToolsVersion = 10.0;
						TestTargetID = C0C35116214505E10097AD4C;
					};
				};
			};
			buildConfigurationList = C0C35112214505E10097AD4C /* Build configuration list for PBXProject "SearchBar" */;
			compatibilityVersion = "Xcode 9.3";
			developmentRegion = en;
			hasScannedForEncodings = 0;
			knownRegions = (
				en,
				Base,
			);
			mainGroup = C0C3510E214505E10097AD4C;
			productRefGroup = C0C35118214505E10097AD4C /* Products */;
			projectDirPath = "";
			projectRoot = "";
			targets = (
				C0C35116214505E10097AD4C /* SearchBar */,
				C0C3512A214505E20097AD4C /* SearchBarTests */,
				C0C35135214505E20097AD4C /* SearchBarUITests */,
			);
		};
/* End PBXProject section */

/* Begin PBXResourcesBuildPhase section */
		C0C35115214505E10097AD4C /* Resources */ = {
			isa = PBXResourcesBuildPhase;
			buildActionMask = 2147483647;
			files = (
				C0C35125214505E20097AD4C /* LaunchScreen.storyboard in Resources */,
				C0C35122214505E20097AD4C /* Assets.xcassets in Resources */,
				C0C35120214505E10097AD4C /* Main.storyboard in Resources */,
			);
			runOnlyForDeploymentPostprocessing = 0;
		};
		C0C35129214505E20097AD4C /* Resources */ = {
			isa = PBXResourcesBuildPhase;
			buildActionMask = 2147483647;
			files = (
			);
			runOnlyForDeploymentPostprocessing = 0;
		};
		C0C35134214505E20097AD4C /* Resources */ = {
			isa = PBXResourcesBuildPhase;
			buildActionMask = 2147483647;
			files = (
			);
			runOnlyForDeploymentPostprocessing = 0;
		};
/* End PBXResourcesBuildPhase section */

/* Begin PBXSourcesBuildPhase section */
		C0C35113214505E10097AD4C /* Sources */ = {
			isa = PBXSourcesBuildPhase;
			buildActionMask = 2147483647;
			files = (
				C0C3511D214505E10097AD4C /* ViewController.swift in Sources */,
				C0C35149214508F10097AD4C /* TableExtension.swift in Sources */,
				C0C3514B214519A10097AD4C /* MainSearchBar.swift in Sources */,
				C0C3511B214505E10097AD4C /* AppDelegate.swift in Sources */,
			);
			runOnlyForDeploymentPostprocessing = 0;
		};
		C0C35127214505E20097AD4C /* Sources */ = {
			isa = PBXSourcesBuildPhase;
			buildActionMask = 2147483647;
			files = (
				C0C35130214505E20097AD4C /* SearchBarTests.swift in Sources */,
			);
			runOnlyForDeploymentPostprocessing = 0;
		};
		C0C35132214505E20097AD4C /* Sources */ = {
			isa = PBXSourcesBuildPhase;
			buildActionMask = 2147483647;
			files = (
				C0C3513B214505E20097AD4C /* SearchBarUITests.swift in Sources */,
			);
			runOnlyForDeploymentPostprocessing = 0;
		};
/* End PBXSourcesBuildPhase section */

/* Begin PBXTargetDependency section */
		C0C3512D214505E20097AD4C /* PBXTargetDependency */ = {
			isa = PBXTargetDependency;
			target = C0C35116214505E10097AD4C /* SearchBar */;
			targetProxy = C0C3512C214505E20097AD4C /* PBXContainerItemProxy */;
		};
		C0C35138214505E20097AD4C /* PBXTargetDependency */ = {
			isa = PBXTargetDependency;
			target = C0C35116214505E10097AD4C /* SearchBar */;
			targetProxy = C0C35137214505E20097AD4C /* PBXContainerItemProxy */;
		};
/* End PBXTargetDependency section */

/* Begin PBXVariantGroup section */
		C0C3511E214505E10097AD4C /* Main.storyboard */ = {
			isa = PBXVariantGroup;
			children = (
				C0C3511F214505E10097AD4C /* Base */,
			);
			name = Main.storyboard;
			sourceTree = "<group>";
		};
		C0C35123214505E20097AD4C /* LaunchScreen.storyboard */ = {
			isa = PBXVariantGroup;
			children = (
				C0C35124214505E20097AD4C /* Base */,
			);
			name = LaunchScreen.storyboard;
			sourceTree = "<group>";
		};
/* End PBXVariantGroup section */

/* Begin XCBuildConfiguration section */
		C0C3513D214505E20097AD4C /* Debug */ = {
			isa = XCBuildConfiguration;
			buildSettings = {
				ALWAYS_SEARCH_USER_PATHS = NO;
				CLANG_ANALYZER_NONNULL = YES;
				CLANG_ANALYZER_NUMBER_OBJECT_CONVERSION = YES_AGGRESSIVE;
				CLANG_CXX_LANGUAGE_STANDARD = "gnu++14";
				CLANG_CXX_LIBRARY = "libc++";
				CLANG_ENABLE_MODULES = YES;
				CLANG_ENABLE_OBJC_ARC = YES;
				CLANG_ENABLE_OBJC_WEAK = YES;
				CLANG_WARN_BLOCK_CAPTURE_AUTORELEASING = YES;
				CLANG_WARN_BOOL_CONVERSION = YES;
				CLANG_WARN_COMMA = YES;
				CLANG_WARN_CONSTANT_CONVERSION = YES;
				CLANG_WARN_DEPRECATED_OBJC_IMPLEMENTATIONS = YES;
				CLANG_WARN_DIRECT_OBJC_ISA_USAGE = YES_ERROR;
				CLANG_WARN_DOCUMENTATION_COMMENTS = YES;
				CLANG_WARN_EMPTY_BODY = YES;
				CLANG_WARN_ENUM_CONVERSION = YES;
				CLANG_WARN_INFINITE_RECURSION = YES;
				CLANG_WARN_INT_CONVERSION = YES;
				CLANG_WARN_NON_LITERAL_NULL_CONVERSION = YES;
				CLANG_WARN_OBJC_IMPLICIT_RETAIN_SELF = YES;
				CLANG_WARN_OBJC_LITERAL_CONVERSION = YES;
				CLANG_WARN_OBJC_ROOT_CLASS = YES_ERROR;
				CLANG_WARN_RANGE_LOOP_ANALYSIS = YES;
				CLANG_WARN_STRICT_PROTOTYPES = YES;
				CLANG_WARN_SUSPICIOUS_MOVE = YES;
				CLANG_WARN_UNGUARDED_AVAILABILITY = YES_AGGRESSIVE;
				CLANG_WARN_UNREACHABLE_CODE = YES;
				CLANG_WARN__DUPLICATE_METHOD_MATCH = YES;
				CODE_SIGN_IDENTITY = "iPhone Developer";
				COPY_PHASE_STRIP = NO;
				DEBUG_INFORMATION_FORMAT = dwarf;
				ENABLE_STRICT_OBJC_MSGSEND = YES;
				ENABLE_TESTABILITY = YES;
				GCC_C_LANGUAGE_STANDARD = gnu11;
				GCC_DYNAMIC_NO_PIC = NO;
				GCC_NO_COMMON_BLOCKS = YES;
				GCC_OPTIMIZATION_LEVEL = 0;
				GCC_PREPROCESSOR_DEFINITIONS = (
					"DEBUG=1",
					"$(inherited)",
				);
				GCC_WARN_64_TO_32_BIT_CONVERSION = YES;
				GCC_WARN_ABOUT_RETURN_TYPE = YES_ERROR;
				GCC_WARN_UNDECLARED_SELECTOR = YES;
				GCC_WARN_UNINITIALIZED_AUTOS = YES_AGGRESSIVE;
				GCC_WARN_UNUSED_FUNCTION = YES;
				GCC_WARN_UNUSED_VARIABLE = YES;
				IPHONEOS_DEPLOYMENT_TARGET = 12.0;
				MTL_ENABLE_DEBUG_INFO = INCLUDE_SOURCE;
				MTL_FAST_MATH = YES;
				ONLY_ACTIVE_ARCH = YES;
				SDKROOT = iphoneos;
				SWIFT_ACTIVE_COMPILATION_CONDITIONS = DEBUG;
				SWIFT_OPTIMIZATION_LEVEL = "-Onone";
			};
			name = Debug;
		};
		C0C3513E214505E20097AD4C /* Release */ = {
			isa = XCBuildConfiguration;
			buildSettings = {
				ALWAYS_SEARCH_USER_PATHS = NO;
				CLANG_ANALYZER_NONNULL = YES;
				CLANG_ANALYZER_NUMBER_OBJECT_CONVERSION = YES_AGGRESSIVE;
				CLANG_CXX_LANGUAGE_STANDARD = "gnu++14";
				CLANG_CXX_LIBRARY = "libc++";
				CLANG_ENABLE_MODULES = YES;
				CLANG_ENABLE_OBJC_ARC = YES;
				CLANG_ENABLE_OBJC_WEAK = YES;
				CLANG_WARN_BLOCK_CAPTURE_AUTORELEASING = YES;
				CLANG_WARN_BOOL_CONVERSION = YES;
				CLANG_WARN_COMMA = YES;
				CLANG_WARN_CONSTANT_CONVERSION = YES;
				CLANG_WARN_DEPRECATED_OBJC_IMPLEMENTATIONS = YES;
				CLANG_WARN_DIRECT_OBJC_ISA_USAGE = YES_ERROR;
				CLANG_WARN_DOCUMENTATION_COMMENTS = YES;
				CLANG_WARN_EMPTY_BODY = YES;
				CLANG_WARN_ENUM_CONVERSION = YES;
				CLANG_WARN_INFINITE_RECURSION = YES;
				CLANG_WARN_INT_CONVERSION = YES;
				CLANG_WARN_NON_LITERAL_NULL_CONVERSION = YES;
				CLANG_WARN_OBJC_IMPLICIT_RETAIN_SELF = YES;
				CLANG_WARN_OBJC_LITERAL_CONVERSION = YES;
				CLANG_WARN_OBJC_ROOT_CLASS = YES_ERROR;
				CLANG_WARN_RANGE_LOOP_ANALYSIS = YES;
				CLANG_WARN_STRICT_PROTOTYPES = YES;
				CLANG_WARN_SUSPICIOUS_MOVE = YES;
				CLANG_WARN_UNGUARDED_AVAILABILITY = YES_AGGRESSIVE;
				CLANG_WARN_UNREACHABLE_CODE = YES;
				CLANG_WARN__DUPLICATE_METHOD_MATCH = YES;
				CODE_SIGN_IDENTITY = "iPhone Developer";
				COPY_PHASE_STRIP = NO;
				DEBUG_INFORMATION_FORMAT = "dwarf-with-dsym";
				ENABLE_NS_ASSERTIONS = NO;
				ENABLE_STRICT_OBJC_MSGSEND = YES;
				GCC_C_LANGUAGE_STANDARD = gnu11;
				GCC_NO_COMMON_BLOCKS = YES;
				GCC_WARN_64_TO_32_BIT_CONVERSION = YES;
				GCC_WARN_ABOUT_RETURN_TYPE = YES_ERROR;
				GCC_WARN_UNDECLARED_SELECTOR = YES;
				GCC_WARN_UNINITIALIZED_AUTOS = YES_AGGRESSIVE;
				GCC_WARN_UNUSED_FUNCTION = YES;
				GCC_WARN_UNUSED_VARIABLE = YES;
				IPHONEOS_DEPLOYMENT_TARGET = 12.0;
				MTL_ENABLE_DEBUG_INFO = NO;
				MTL_FAST_MATH = YES;
				SDKROOT = iphoneos;
				SWIFT_COMPILATION_MODE = wholemodule;
				SWIFT_OPTIMIZATION_LEVEL = "-O";
				VALIDATE_PRODUCT = YES;
			};
			name = Release;
		};
		C0C35140214505E20097AD4C /* Debug */ = {
			isa = XCBuildConfiguration;
			buildSettings = {
				ASSETCATALOG_COMPILER_APPICON_NAME = AppIcon;
				CODE_SIGN_STYLE = Automatic;
				DEVELOPMENT_TEAM = Z4NGAZXKWW;
				INFOPLIST_FILE = SearchBar/Info.plist;
				LD_RUNPATH_SEARCH_PATHS = (
					"$(inherited)",
					"@executable_path/Frameworks",
				);
				PRODUCT_BUNDLE_IDENTIFIER = uladzislau.daratsiuk.SearchBar;
				PRODUCT_NAME = "$(TARGET_NAME)";
				SWIFT_VERSION = 4.2;
				TARGETED_DEVICE_FAMILY = "1,2";
			};
			name = Debug;
		};
		C0C35141214505E20097AD4C /* Release */ = {
			isa = XCBuildConfiguration;
			buildSettings = {
				ASSETCATALOG_COMPILER_APPICON_NAME = AppIcon;
				CODE_SIGN_STYLE = Automatic;
				DEVELOPMENT_TEAM = Z4NGAZXKWW;
				INFOPLIST_FILE = SearchBar/Info.plist;
				LD_RUNPATH_SEARCH_PATHS = (
					"$(inherited)",
					"@executable_path/Frameworks",
				);
				PRODUCT_BUNDLE_IDENTIFIER = uladzislau.daratsiuk.SearchBar;
				PRODUCT_NAME = "$(TARGET_NAME)";
				SWIFT_VERSION = 4.2;
				TARGETED_DEVICE_FAMILY = "1,2";
			};
			name = Release;
		};
		C0C35143214505E20097AD4C /* Debug */ = {
			isa = XCBuildConfiguration;
			buildSettings = {
				ALWAYS_EMBED_SWIFT_STANDARD_LIBRARIES = YES;
				BUNDLE_LOADER = "$(TEST_HOST)";
				CODE_SIGN_STYLE = Automatic;
				DEVELOPMENT_TEAM = Z4NGAZXKWW;
				INFOPLIST_FILE = SearchBarTests/Info.plist;
				LD_RUNPATH_SEARCH_PATHS = (
					"$(inherited)",
					"@executable_path/Frameworks",
					"@loader_path/Frameworks",
				);
				PRODUCT_BUNDLE_IDENTIFIER = uladzislau.daratsiuk.SearchBarTests;
				PRODUCT_NAME = "$(TARGET_NAME)";
				SWIFT_VERSION = 4.2;
				TARGETED_DEVICE_FAMILY = "1,2";
				TEST_HOST = "$(BUILT_PRODUCTS_DIR)/SearchBar.app/SearchBar";
			};
			name = Debug;
		};
		C0C35144214505E20097AD4C /* Release */ = {
			isa = XCBuildConfiguration;
			buildSettings = {
				ALWAYS_EMBED_SWIFT_STANDARD_LIBRARIES = YES;
				BUNDLE_LOADER = "$(TEST_HOST)";
				CODE_SIGN_STYLE = Automatic;
				DEVELOPMENT_TEAM = Z4NGAZXKWW;
				INFOPLIST_FILE = SearchBarTests/Info.plist;
				LD_RUNPATH_SEARCH_PATHS = (
					"$(inherited)",
					"@executable_path/Frameworks",
					"@loader_path/Frameworks",
				);
				PRODUCT_BUNDLE_IDENTIFIER = uladzislau.daratsiuk.SearchBarTests;
				PRODUCT_NAME = "$(TARGET_NAME)";
				SWIFT_VERSION = 4.2;
				TARGETED_DEVICE_FAMILY = "1,2";
				TEST_HOST = "$(BUILT_PRODUCTS_DIR)/SearchBar.app/SearchBar";
			};
			name = Release;
		};
		C0C35146214505E20097AD4C /* Debug */ = {
			isa = XCBuildConfiguration;
			buildSettings = {
				ALWAYS_EMBED_SWIFT_STANDARD_LIBRARIES = YES;
				CODE_SIGN_STYLE = Automatic;
				DEVELOPMENT_TEAM = Z4NGAZXKWW;
				INFOPLIST_FILE = SearchBarUITests/Info.plist;
				LD_RUNPATH_SEARCH_PATHS = (
					"$(inherited)",
					"@executable_path/Frameworks",
					"@loader_path/Frameworks",
				);
				PRODUCT_BUNDLE_IDENTIFIER = uladzislau.daratsiuk.SearchBarUITests;
				PRODUCT_NAME = "$(TARGET_NAME)";
				SWIFT_VERSION = 4.2;
				TARGETED_DEVICE_FAMILY = "1,2";
				TEST_TARGET_NAME = SearchBar;
			};
			name = Debug;
		};
		C0C35147214505E20097AD4C /* Release */ = {
			isa = XCBuildConfiguration;
			buildSettings = {
				ALWAYS_EMBED_SWIFT_STANDARD_LIBRARIES = YES;
				CODE_SIGN_STYLE = Automatic;
				DEVELOPMENT_TEAM = Z4NGAZXKWW;
				INFOPLIST_FILE = SearchBarUITests/Info.plist;
				LD_RUNPATH_SEARCH_PATHS = (
					"$(inherited)",
					"@executable_path/Frameworks",
					"@loader_path/Frameworks",
				);
				PRODUCT_BUNDLE_IDENTIFIER = uladzislau.daratsiuk.SearchBarUITests;
				PRODUCT_NAME = "$(TARGET_NAME)";
				SWIFT_VERSION = 4.2;
				TARGETED_DEVICE_FAMILY = "1,2";
				TEST_TARGET_NAME = SearchBar;
			};
			name = Release;
		};
/* End XCBuildConfiguration section */

/* Begin XCConfigurationList section */
		C0C35112214505E10097AD4C /* Build configuration list for PBXProject "SearchBar" */ = {
			isa = XCConfigurationList;
			buildConfigurations = (
				C0C3513D214505E20097AD4C /* Debug */,
				C0C3513E214505E20097AD4C /* Release */,
			);
			defaultConfigurationIsVisible = 0;
			defaultConfigurationName = Release;
		};
		C0C3513F214505E20097AD4C /* Build configuration list for PBXNativeTarget "SearchBar" */ = {
			isa = XCConfigurationList;
			buildConfigurations = (
				C0C35140214505E20097AD4C /* Debug */,
				C0C35141214505E20097AD4C /* Release */,
			);
			defaultConfigurationIsVisible = 0;
			defaultConfigurationName = Release;
		};
		C0C35142214505E20097AD4C /* Build configuration list for PBXNativeTarget "SearchBarTests" */ = {
			isa = XCConfigurationList;
			buildConfigurations = (
				C0C35143214505E20097AD4C /* Debug */,
				C0C35144214505E20097AD4C /* Release */,
			);
			defaultConfigurationIsVisible = 0;
			defaultConfigurationName = Release;
		};
		C0C35145214505E20097AD4C /* Build configuration list for PBXNativeTarget "SearchBarUITests" */ = {
			isa = XCConfigurationList;
			buildConfigurations = (
				C0C35146214505E20097AD4C /* Debug */,
				C0C35147214505E20097AD4C /* Release */,
			);
			defaultConfigurationIsVisible = 0;
			defaultConfigurationName = Release;
		};
/* End XCConfigurationList section */
	};
	rootObject = C0C3510F214505E10097AD4C /* Project object */;
}
